
Microsoft Visual Studio Solution File, Format Version 12.00
# Visual Studio Version 17
VisualStudioVersion = 17.14.36202.13 d17.14
MinimumVisualStudioVersion = 10.0.40219.1
Project("{FAE04EC0-301F-11D3-BF4B-00C04F79EFBC}") = "NZWalks.API", "NZWalks.API\NZWalks.API.csproj", "{959F3048-9F8D-4268-A52B-B23F032293AA}"
EndProject
Global
	GlobalSection(SolutionConfigurationPlatforms) = preSolution
		Debug|Any CPU = Debug|Any CPU
		Release|Any CPU = Release|Any CPU
	EndGlobalSection
	GlobalSection(ProjectConfigurationPlatforms) = postSolution
		{959F3048-9F8D-4268-A52B-B23F032293AA}.Debug|Any CPU.ActiveCfg = Debug|Any CPU
		{959F3048-9F8D-4268-A52B-B23F032293AA}.Debug|Any CPU.Build.0 = Debug|Any CPU
		{959F3048-9F8D-4268-A52B-B23F032293AA}.Release|Any CPU.ActiveCfg = Release|Any CPU
		{959F3048-9F8D-4268-A52B-B23F032293AA}.Release|Any CPU.Build.0 = Release|Any CPU
	EndGlobalSection
	GlobalSection(SolutionProperties) = preSolution
		HideSolutionNode = FALSE
	EndGlobalSection
	GlobalSection(ExtensibilityGlobals) = postSolution
		SolutionGuid = {32168986-6B89-4D06-AB6E-5DA6FCDA777A}
	EndGlobalSection
EndGlobal
